{
  "nodes": {
    "beleap-overlay": {
      "inputs": {
        "boda-flake": "boda-flake",
        "flake-utils": "flake-utils",
        "kubectl-check-flake": "kubectl-check-flake",
        "nixpkgs": "nixpkgs"
      },
      "locked": {
        "lastModified": 1790123646,
        "narHash": "sha256-9+LC3OXQLMPnfVXJBd0laoe7T1W5VGCrWdM3j31p+n4=",
        "owner": "BeLeap",
        "repo": "nix-overlay",
        "rev": "6e7cbaa8556a732f9db423b9f0ffe04afb4024e8",
        "type": "github"
      },
      "original": {
        "owner": "BeLeap",
        "repo": "nix-overlay",
        "type": "github"
      }
    },
    "boda-flake": {
      "inputs": {
        "flake-utils": [
          "beleap-overlay",
          "flake-utils"
        ],
        "nixpkgs": [
          "beleap-overlay",
          "nixpkgs"
        ]
      },
      "locked": {
        "lastModified": 1776055253,
        "narHash": "sha256-Trtv012WXbkiE+JRkI585joaz8PEzbn2PHqh8oylloA=",
        "owner": "BeLeap",
        "repo": "boda",
        "rev": "da1aa4a329f9614e6d4a08c866fe9aa30217e413",
        "type": "github"
      },
      "original": {
        "owner": "BeLeap",
        "ref": "0.2616.0",
        "repo": "boda",
        "type": "github"
      }
    },
    "crane": {
      "inputs": {
        "nixpkgs": [
          "typst-live",
          "nixpkgs"
        ]
      },
      "locked": {
        "lastModified": 1700327093,
        "narHash": "sha256-OgYvlBABxJYWhZ/HBd0bPVcIEkT+xDhDCpRYqtVhYWY=",
        "owner": "ipetkov",
        "repo": "crane",
        "rev": "ae7cd510e508ee03d792005c2f1c0a3ff25ecb80",
        "type": "github"
      },
      "original": {
        "owner": "ipetkov",
        "repo": "crane",
        "type": "github"
      }
    },
    "flake-utils": {
      "inputs": {
        "systems": "systems"
      },
      "locked": {
        "lastModified": 1731533236,
        "narHash": "sha256-l0KFg5HjrsfsO/JpG+r7fRrqm12kzFHyUHqHCVpMMbI=",
        "owner": "numtide",
        "repo": "flake-utils",
        "rev": "11707dc2f618dd54ca8739b309ec4fc024de578b",
        "type": "github"
      },
      "original": {
        "owner": "numtide",
        "repo": "flake-utils",
        "type": "github"
      }
    },
    "flake-utils_2": {
      "inputs": {
        "systems": "systems_2"
      },
      "locked": {
        "lastModified": 1731533236,
        "narHash": "sha256-l0KFg5HjrsfsO/JpG+r7fRrqm12kzFHyUHqHCVpMMbI=",
        "owner": "numtide",
        "repo": "flake-utils",
        "rev": "11707dc2f618dd54ca8739b309ec4fc024de578b",
        "type": "github"
      },
      "original": {
        "owner": "numtide",
        "repo": "flake-utils",
        "type": "github"
      }
    },
    "kubectl-check-flake": {
      "inputs": {
        "flake-utils": [
          "beleap-overlay",
          "flake-utils"
        ],
        "nixpkgs": [
          "beleap-overlay",
          "nixpkgs"
        ]
      },
      "locked": {
        "lastModified": 1776060879,
        "narHash": "sha256-Uy5mBnFfwkMuN3u19IiaGhd5L4Mvu9XD43+AVj87jFc=",
        "owner": "BeLeap",
        "repo": "kubectl-check",
        "rev": "ae5058b008cdf785b98699a62694f6931ab77987",
        "type": "github"
      },
      "original": {
        "owner": "BeLeap",
        "ref": "v0.2615.0",
        "repo": "kubectl-check",
        "type": "github"
      }
    },
    "nixpkgs": {
      "locked": {
        "lastModified": 1789998861,
        "narHash": "sha256-62XMQD4WLdMAfdT0/8gJmPH2dKeTw908ryNloAplTr8=",
        "owner": "nixos",
        "repo": "nixpkgs",
        "rev": "1e8bc658fc985ef27ccd66d107d767b32bb7ef98",
        "type": "github"
      },
      "original": {
        "owner": "nixos",
        "ref": "nixos-26.05",
        "repo": "nixpkgs",
        "type": "github"
      }
    },
    "nixpkgs_2": {
      "locked": {
        "lastModified": 1790463110,
        "narHash": "sha256-hKlVl12B1dF0Q5vd9dY3lIJM5mFGWYSlXwSLAqHZ1+s=",
        "owner": "nixos",
        "repo": "nixpkgs",
        "rev": "e158d9ed9b51c98974c5e66e1ba1c9e0255fecaa",
        "type": "github"
      },
      "original": {
        "owner": "nixos",
        "ref": "nixos-unstable",
        "repo": "nixpkgs",
        "type": "github"
      }
    },
    "nixpkgs_3": {
      "locked": {
        "lastModified": 1700538105,
        "narHash": "sha256-uZhOCmwv8VupEmPZm3erbr9XXmyg7K67Ul3+Rx2XMe0=",
        "owner": "NixOS",
        "repo": "nixpkgs",
        "rev": "51a01a7e5515b469886c120e38db325c96694c2f",
        "type": "github"
      },
      "original": {
        "owner": "NixOS",
        "ref": "nixpkgs-unstable",
        "repo": "nixpkgs",
        "type": "github"
      }
    },
    "press": {
      "locked": {
        "lastModified": 1790476452,
        "narHash": "sha256-+oM67mXHpZ/V2dB4j7V9Gkco7BUqyIeQLphFbo1Ob60=",
        "owner": "RossSmyth",
        "repo": "press",
        "rev": "7ea26f6b0dad8cafb03aa594c31ec96271b26651",
        "type": "github"
      },
      "original": {
        "owner": "RossSmyth",
        "repo": "press",
        "type": "github"
      }
    },
    "root": {
      "inputs": {
        "beleap-overlay": "beleap-overlay",
        "flake-utils": "flake-utils_2",
        "nixpkgs": "nixpkgs_2",
        "press": "press",
        "typst-live": "typst-live"
      }
    },
    "systems": {
      "locked": {
        "lastModified": 1681028828,
        "narHash": "sha256-Vy1rq5AaRuLzOxct8nz4T6wlgyUR7zLU309k9mBC768=",
        "owner": "nix-systems",
        "repo": "default",
        "rev": "da67096a3b9bf56a91d16901293e51ba5b49a27e",
        "type": "github"
      },
      "original": {
        "owner": "nix-systems",
        "repo": "default",
        "type": "github"
      }
    },
    "systems_2": {
      "locked": {
        "lastModified": 1681028828,
        "narHash": "sha256-Vy1rq5AaRuLzOxct8nz4T6wlgyUR7zLU309k9mBC768=",
        "owner": "nix-systems",
        "repo": "default",
        "rev": "da67096a3b9bf56a91d16901293e51ba5b49a27e",
        "type": "github"
      },
      "original": {
        "owner": "nix-systems",
        "repo": "default",
        "type": "github"
      }
    },
    "systems_3": {
      "flake": false,
      "locked": {
        "lastModified": 1681028828,
        "narHash": "sha256-Vy1rq5AaRuLzOxct8nz4T6wlgyUR7zLU309k9mBC768=",
        "owner": "nix-systems",
        "repo": "default",
        "rev": "da67096a3b9bf56a91d16901293e51ba5b49a27e",
        "type": "github"
      },
      "original": {
        "owner": "nix-systems",
        "repo": "default",
        "type": "github"
      }
    },
    "typst-live": {
      "inputs": {
        "crane": "crane",
        "nixpkgs": "nixpkgs_3",
        "systems": "systems_3"
      },
      "locked": {
        "lastModified": 1704635018,
        "narHash": "sha256-KewI1EotmqTI0pJ9pXPbYYTx7ZYR1CfqmVJkwwOQqsQ=",
        "owner": "ItsEthra",
        "repo": "typst-live",
        "rev": "4e974f2cfd41470ab8f73c871c64f03683807b8f",
        "type": "github"
      },
      "original": {
        "owner": "ItsEthra",
        "ref": "v0.7.0",
        "repo": "typst-live",
        "type": "github"
      }
    }
  },
  "root": "root",
  "version": 7
}
